
Microsoft Visual Studio Solution File, Format Version 12.00
# Visual Studio Version 16
VisualStudioVersion = 16.0.30114.105
MinimumVisualStudioVersion = 10.0.40219.1
Project("{2150E333-8FDC-42A3-9474-1A3956D46DE8}") = "src", "src", "{8F66E92F-2D66-4003-A083-20CB595114AC}"
EndProject
Project("{2150E333-8FDC-42A3-9474-1A3956D46DE8}") = "test", "test", "{5C4243D2-BC02-47E9-9CDF-5F8032F47024}"
EndProject
Project("{2150E333-8FDC-42A3-9474-1A3956D46DE8}") = "samples", "samples", "{6D9B04DC-6858-4B32-868C-D36EC057F5B3}"
EndProject
Project("{2150E333-8FDC-42A3-9474-1A3956D46DE8}") = "build", "build", "{F1A561D9-B08C-4748-A284-E65D53062C6A}"
	ProjectSection(SolutionItems) = preProject
		build\Dependencies.AspNetCore.props = build\Dependencies.AspNetCore.props
		build\Dependencies.props = build\Dependencies.props
		build\ResumeDownloadCore.Commons.props = build\ResumeDownloadCore.Commons.props
		build\ResumeDownloadCore.Commons.targets = build\ResumeDownloadCore.Commons.targets
	EndProjectSection
EndProject
Project("{9A19103F-16F7-4668-BE54-9A1E7A4F7556}") = "ResumeDownload.Core", "src\ResumeDownload.Core\ResumeDownload.Core.csproj", "{F3870CDF-3B1B-49DC-ABB4-91B86DA79166}"
EndProject
Project("{9A19103F-16F7-4668-BE54-9A1E7A4F7556}") = "ResumeDownload.Web", "test\ResumeDownload.Web\ResumeDownload.Web.csproj", "{CF7AC354-B451-4679-B489-8EEB1D384CB0}"
EndProject
Global
	GlobalSection(SolutionConfigurationPlatforms) = preSolution
		Debug|Any CPU = Debug|Any CPU
		Debug|x64 = Debug|x64
		Debug|x86 = Debug|x86
		Release|Any CPU = Release|Any CPU
		Release|x64 = Release|x64
		Release|x86 = Release|x86
	EndGlobalSection
	GlobalSection(ProjectConfigurationPlatforms) = postSolution
		{F3870CDF-3B1B-49DC-ABB4-91B86DA79166}.Debug|Any CPU.ActiveCfg = Debug|Any CPU
		{F3870CDF-3B1B-49DC-ABB4-91B86DA79166}.Debug|Any CPU.Build.0 = Debug|Any CPU
		{F3870CDF-3B1B-49DC-ABB4-91B86DA79166}.Debug|x64.ActiveCfg = Debug|Any CPU
		{F3870CDF-3B1B-49DC-ABB4-91B86DA79166}.Debug|x64.Build.0 = Debug|Any CPU
		{F3870CDF-3B1B-49DC-ABB4-91B86DA79166}.Debug|x86.ActiveCfg = Debug|Any CPU
		{F3870CDF-3B1B-49DC-ABB4-91B86DA79166}.Debug|x86.Build.0 = Debug|Any CPU
		{F3870CDF-3B1B-49DC-ABB4-91B86DA79166}.Release|Any CPU.ActiveCfg = Release|Any CPU
		{F3870CDF-3B1B-49DC-ABB4-91B86DA79166}.Release|Any CPU.Build.0 = Release|Any CPU
		{F3870CDF-3B1B-49DC-ABB4-91B86DA79166}.Release|x64.ActiveCfg = Release|Any CPU
		{F3870CDF-3B1B-49DC-ABB4-91B86DA79166}.Release|x64.Build.0 = Release|Any CPU
		{F3870CDF-3B1B-49DC-ABB4-91B86DA79166}.Release|x86.ActiveCfg = Release|Any CPU
		{F3870CDF-3B1B-49DC-ABB4-91B86DA79166}.Release|x86.Build.0 = Release|Any CPU
		{CF7AC354-B451-4679-B489-8EEB1D384CB0}.Debug|Any CPU.ActiveCfg = Debug|Any CPU
		{CF7AC354-B451-4679-B489-8EEB1D384CB0}.Debug|Any CPU.Build.0 = Debug|Any CPU
		{CF7AC354-B451-4679-B489-8EEB1D384CB0}.Debug|x64.ActiveCfg = Debug|Any CPU
		{CF7AC354-B451-4679-B489-8EEB1D384CB0}.Debug|x64.Build.0 = Debug|Any CPU
		{CF7AC354-B451-4679-B489-8EEB1D384CB0}.Debug|x86.ActiveCfg = Debug|Any CPU
		{CF7AC354-B451-4679-B489-8EEB1D384CB0}.Debug|x86.Build.0 = Debug|Any CPU
		{CF7AC354-B451-4679-B489-8EEB1D384CB0}.Release|Any CPU.ActiveCfg = Release|Any CPU
		{CF7AC354-B451-4679-B489-8EEB1D384CB0}.Release|Any CPU.Build.0 = Release|Any CPU
		{CF7AC354-B451-4679-B489-8EEB1D384CB0}.Release|x64.ActiveCfg = Release|Any CPU
		{CF7AC354-B451-4679-B489-8EEB1D384CB0}.Release|x64.Build.0 = Release|Any CPU
		{CF7AC354-B451-4679-B489-8EEB1D384CB0}.Release|x86.ActiveCfg = Release|Any CPU
		{CF7AC354-B451-4679-B489-8EEB1D384CB0}.Release|x86.Build.0 = Release|Any CPU
	EndGlobalSection
	GlobalSection(SolutionProperties) = preSolution
		HideSolutionNode = FALSE
	EndGlobalSection
	GlobalSection(NestedProjects) = preSolution
		{F3870CDF-3B1B-49DC-ABB4-91B86DA79166} = {8F66E92F-2D66-4003-A083-20CB595114AC}
		{CF7AC354-B451-4679-B489-8EEB1D384CB0} = {5C4243D2-BC02-47E9-9CDF-5F8032F47024}
	EndGlobalSection
	GlobalSection(ExtensibilityGlobals) = postSolution
		SolutionGuid = {7C951259-1B5D-47B9-A130-9B21CB0918ED}
	EndGlobalSection
EndGlobal
